
Microsoft Visual Studio Solution File, Format Version 12.00
# Visual Studio 15
VisualStudioVersion = 15.0.27703.2035
MinimumVisualStudioVersion = 10.0.40219.1
Project("{FAE04EC0-301F-11D3-BF4B-00C04F79EFBC}") = "Session3", "Session3\Session3.csproj", "{7AE11AA3-275E-4526-AE2D-3A6E0E7FDE37}"
EndProject
Global
	GlobalSection(SolutionConfigurationPlatforms) = preSolution
		Debug|Any CPU = Debug|Any CPU
		Release|Any CPU = Release|Any CPU
	EndGlobalSection
	GlobalSection(ProjectConfigurationPlatforms) = postSolution
		{7AE11AA3-275E-4526-AE2D-3A6E0E7FDE37}.Debug|Any CPU.ActiveCfg = Debug|Any CPU
		{7AE11AA3-275E-4526-AE2D-3A6E0E7FDE37}.Debug|Any CPU.Build.0 = Debug|Any CPU
		{7AE11AA3-275E-4526-AE2D-3A6E0E7FDE37}.Release|Any CPU.ActiveCfg = Release|Any CPU
		{7AE11AA3-275E-4526-AE2D-3A6E0E7FDE37}.Release|Any CPU.Build.0 = Release|Any CPU
	EndGlobalSection
	GlobalSection(SolutionProperties) = preSolution
		HideSolutionNode = FALSE
	EndGlobalSection
	GlobalSection(ExtensibilityGlobals) = postSolution
		SolutionGuid = {EB893AD4-5617-46FC-936F-F0B4B25E0319}
	EndGlobalSection
EndGlobal
